
Microsoft Visual Studio Solution File, Format Version 12.00
# Visual Studio 15
Project("{FAE04EC0-301F-11D3-BF4B-00C04F79EFBC}") = "DinucMVC", "DinucMVC\DinucMVC.csproj", "{366A0239-CE26-4D2F-B49A-BC64B7185895}"
EndProject
Project("{D954291E-2A0B-460D-934E-DC6B0785DB48}") = "DinucCalculation", "DinucCalculation\DinucCalculation.shproj", "{F0EA67DF-F451-42DE-91FF-FFE8CE43F8F5}"
EndProject
Project("{FAE04EC0-301F-11D3-BF4B-00C04F79EFBC}") = "DinucCalculationCons", "DinucCalculationCons\DinucCalculationCons.csproj", "{BB4F6449-EA52-4D3A-AD57-D75F0DA010DF}"
EndProject
Global
	GlobalSection(SolutionConfigurationPlatforms) = preSolution
		Debug|Any CPU = Debug|Any CPU
		Release|Any CPU = Release|Any CPU
	EndGlobalSection
	GlobalSection(ProjectConfigurationPlatforms) = postSolution
		{366A0239-CE26-4D2F-B49A-BC64B7185895}.Debug|Any CPU.ActiveCfg = Debug|Any CPU
		{366A0239-CE26-4D2F-B49A-BC64B7185895}.Debug|Any CPU.Build.0 = Debug|Any CPU
		{366A0239-CE26-4D2F-B49A-BC64B7185895}.Release|Any CPU.ActiveCfg = Release|Any CPU
		{366A0239-CE26-4D2F-B49A-BC64B7185895}.Release|Any CPU.Build.0 = Release|Any CPU
		{BB4F6449-EA52-4D3A-AD57-D75F0DA010DF}.Debug|Any CPU.ActiveCfg = Debug|Any CPU
		{BB4F6449-EA52-4D3A-AD57-D75F0DA010DF}.Debug|Any CPU.Build.0 = Debug|Any CPU
		{BB4F6449-EA52-4D3A-AD57-D75F0DA010DF}.Release|Any CPU.ActiveCfg = Release|Any CPU
		{BB4F6449-EA52-4D3A-AD57-D75F0DA010DF}.Release|Any CPU.Build.0 = Release|Any CPU
	EndGlobalSection
	GlobalSection(MonoDevelopProperties) = preSolution
		Policies = $0
		$0.TextStylePolicy = $1
		$1.FileWidth = 80
		$1.TabWidth = 8
		$1.IndentWidth = 8
		$1.scope = text/x-csharp
		$0.CSharpFormattingPolicy = $2
		$2.scope = text/x-csharp
	EndGlobalSection
EndGlobal
