
Microsoft Visual Studio Solution File, Format Version 12.00
# Visual Studio 15
Project("{FAE04EC0-301F-11D3-BF4B-00C04F79EFBC}") = "Oligonucleotides", "Oligonucleotides\Oligonucleotides.csproj", "{7E2114EB-96F5-4C4F-A576-56AD7530E295}"
EndProject
Project("{D954291E-2A0B-460D-934E-DC6B0785DB48}") = "OligoCalculation", "OligoCalculation\OligoCalculation.shproj", "{127B5941-53CA-45E5-AE6D-09AA0971D69F}"
EndProject
Project("{D954291E-2A0B-460D-934E-DC6B0785DB48}") = "Oligonucs", "OligoProperties\Oligonucs.shproj", "{566AAB47-11C2-401E-BBC5-4B8D80B5230E}"
EndProject
Global
	GlobalSection(SolutionConfigurationPlatforms) = preSolution
		Debug|x86 = Debug|x86
		Release|x86 = Release|x86
	EndGlobalSection
	GlobalSection(ProjectConfigurationPlatforms) = postSolution
		{7E2114EB-96F5-4C4F-A576-56AD7530E295}.Debug|x86.ActiveCfg = Debug|x86
		{7E2114EB-96F5-4C4F-A576-56AD7530E295}.Debug|x86.Build.0 = Debug|x86
		{7E2114EB-96F5-4C4F-A576-56AD7530E295}.Release|x86.ActiveCfg = Release|x86
		{7E2114EB-96F5-4C4F-A576-56AD7530E295}.Release|x86.Build.0 = Release|x86
	EndGlobalSection
	GlobalSection(MonoDevelopProperties) = preSolution
		Policies = $0
		$0.TextStylePolicy = $1
		$1.inheritsSet = null
		$1.scope = text/x-csharp
		$0.CSharpFormattingPolicy = $2
		$2.SpaceWithinMethodDeclarationParenthesis = True
		$2.SpaceAfterMethodCallName = True
		$2.SpaceWithinMethodCallParentheses = True
		$2.SpaceWithinExpressionParentheses = True
		$2.SpaceWithinCastParentheses = True
		$2.SpaceWithinOtherParentheses = True
		$2.SpaceAfterCast = True
		$2.scope = text/x-csharp
		$2.SpacingAfterMethodDeclarationName = True
		$2.SpaceBetweenEmptyMethodDeclarationParentheses = True
		$2.SpaceBetweenEmptyMethodCallParentheses = True
		$2.SpaceBeforeOpenSquareBracket = True
		$2.SpaceBetweenEmptySquareBrackets = True
		$2.SpaceWithinSquareBrackets = True
		$2.SpaceBeforeComma = True
		$2.SpaceBeforeSemicolonsInForStatement = True
	EndGlobalSection
EndGlobal
